// !$*UTF8*$!
{
	archiveVersion = 1;
	classes = {
	};
	objectVersion = 77;
	objects = {

/* Begin PBXBuildFile section */
		D56735FE2FE997130063C4B2 /* Assets.xcassets in Resources */ = {isa = PBXBuildFile; fileRef = D56735F52FE997130063C4B2 /* Assets.xcassets */; };
		D56736002FE997130063C4B2 /* LaunchScreen.storyboard in Resources */ = {isa = PBXBuildFile; fileRef = D56735F82FE997130063C4B2 /* LaunchScreen.storyboard */; };
		D56736022FE997130063C4B2 /* AppDelegate.swift in Sources */ = {isa = PBXBuildFile; fileRef = D56735F42FE997130063C4B2 /* AppDelegate.swift */; };
		D56736032FE997130063C4B2 /* SceneDelegate.swift in Sources */ = {isa = PBXBuildFile; fileRef = D56735FB2FE997130063C4B2 /* SceneDelegate.swift */; };
		D56736062FE997260063C4B2 /* UserModel.swift in Sources */ = {isa = PBXBuildFile; fileRef = D56736052FE997260063C4B2 /* UserModel.swift */; };
		D567361A2FEAAC400063C4B2 /* img_bottom.png in Resources */ = {isa = PBXBuildFile; fileRef = D56736192FEAAC400063C4B2 /* img_bottom.png */; };
		D567361C2FEAAD490063C4B2 /* img_intro.png in Resources */ = {isa = PBXBuildFile; fileRef = D567361B2FEAAD490063C4B2 /* img_intro.png */; };
		D56736242FEAC2030063C4B2 /* IntroController.xib in Resources */ = {isa = PBXBuildFile; fileRef = D56736232FEAC2030063C4B2 /* IntroController.xib */; };
		D56736252FEAC2030063C4B2 /* IntroController.swift in Sources */ = {isa = PBXBuildFile; fileRef = D56736222FEAC2030063C4B2 /* IntroController.swift */; };
		D56736302FEAC6350063C4B2 /* Manrope-Regular.ttf in Resources */ = {isa = PBXBuildFile; fileRef = D567362E2FEAC6350063C4B2 /* Manrope-Regular.ttf */; };
		D56736312FEAC6350063C4B2 /* Manrope-Bold.ttf in Resources */ = {isa = PBXBuildFile; fileRef = D567362A2FEAC6350063C4B2 /* Manrope-Bold.ttf */; };
		D56736322FEAC6350063C4B2 /* Manrope-Medium.ttf in Resources */ = {isa = PBXBuildFile; fileRef = D567362D2FEAC6350063C4B2 /* Manrope-Medium.ttf */; };
		D56736332FEAC6350063C4B2 /* Manrope-SemiBold.ttf in Resources */ = {isa = PBXBuildFile; fileRef = D567362F2FEAC6350063C4B2 /* Manrope-SemiBold.ttf */; };
		D56736342FEAC6350063C4B2 /* Manrope-ExtraLight.ttf in Resources */ = {isa = PBXBuildFile; fileRef = D567362C2FEAC6350063C4B2 /* Manrope-ExtraLight.ttf */; };
		D56736352FEAC6350063C4B2 /* Manrope-ExtraBold.ttf in Resources */ = {isa = PBXBuildFile; fileRef = D567362B2FEAC6350063C4B2 /* Manrope-ExtraBold.ttf */; };
		D56736372FEAC6C10063C4B2 /* Fonts.swift in Sources */ = {isa = PBXBuildFile; fileRef = D56736362FEAC6C10063C4B2 /* Fonts.swift */; };
		D567363B2FEAC7F40063C4B2 /* ButtonStyle.swift in Sources */ = {isa = PBXBuildFile; fileRef = D567363A2FEAC7F40063C4B2 /* ButtonStyle.swift */; };
		D567363D2FEAC9510063C4B2 /* ButtonType.swift in Sources */ = {isa = PBXBuildFile; fileRef = D567363C2FEAC9510063C4B2 /* ButtonType.swift */; };
		D56736402FEAC9AA0063C4B2 /* Colors.swift in Sources */ = {isa = PBXBuildFile; fileRef = D567363F2FEAC9AA0063C4B2 /* Colors.swift */; };
		D56736422FEACD750063C4B2 /* ExtensionButton.swift in Sources */ = {isa = PBXBuildFile; fileRef = D56736412FEACD750063C4B2 /* ExtensionButton.swift */; };
		D56736462FEADEBB0063C4B2 /* LoginController.swift in Sources */ = {isa = PBXBuildFile; fileRef = D56736442FEADEBB0063C4B2 /* LoginController.swift */; };
		D56736472FEADEBB0063C4B2 /* LoginController.xib in Resources */ = {isa = PBXBuildFile; fileRef = D56736452FEADEBB0063C4B2 /* LoginController.xib */; };
		D56736492FEADED60063C4B2 /* FieldStyle.swift in Sources */ = {isa = PBXBuildFile; fileRef = D56736482FEADED60063C4B2 /* FieldStyle.swift */; };
		D567364B2FEADF280063C4B2 /* FieldType.swift in Sources */ = {isa = PBXBuildFile; fileRef = D567364A2FEADF280063C4B2 /* FieldType.swift */; };
		D567364D2FEADFC80063C4B2 /* ExtensionField.swift in Sources */ = {isa = PBXBuildFile; fileRef = D567364C2FEADFC80063C4B2 /* ExtensionField.swift */; };
		D56736562FEAE15C0063C4B2 /* open_eye.png in Resources */ = {isa = PBXBuildFile; fileRef = D56736532FEAE15C0063C4B2 /* open_eye.png */; };
		D56736572FEAE15C0063C4B2 /* icn_phone.png in Resources */ = {isa = PBXBuildFile; fileRef = D56736542FEAE15C0063C4B2 /* icn_phone.png */; };
		D56736582FEAE15C0063C4B2 /* close_eye.png in Resources */ = {isa = PBXBuildFile; fileRef = D56736502FEAE15C0063C4B2 /* close_eye.png */; };
		D56736592FEAE15C0063C4B2 /* icn_email.png in Resources */ = {isa = PBXBuildFile; fileRef = D56736512FEAE15C0063C4B2 /* icn_email.png */; };
		D567365A2FEAE15C0063C4B2 /* icn_lock.png in Resources */ = {isa = PBXBuildFile; fileRef = D56736522FEAE15C0063C4B2 /* icn_lock.png */; };
		D567365B2FEAE15C0063C4B2 /* icn_user.png in Resources */ = {isa = PBXBuildFile; fileRef = D56736552FEAE15C0063C4B2 /* icn_user.png */; };
		D567365E2FEAE2020063C4B2 /* back.png in Resources */ = {isa = PBXBuildFile; fileRef = D567365D2FEAE2020063C4B2 /* back.png */; };
		D56736602FEAE68F0063C4B2 /* BackButton.swift in Sources */ = {isa = PBXBuildFile; fileRef = D567365F2FEAE68F0063C4B2 /* BackButton.swift */; };
		D56736632FEAE6B10063C4B2 /* ExtensionView.swift in Sources */ = {isa = PBXBuildFile; fileRef = D56736622FEAE6B10063C4B2 /* ExtensionView.swift */; };
		D56736662FEAEC0A0063C4B2 /* ExtensionController.swift in Sources */ = {isa = PBXBuildFile; fileRef = D56736652FEAEC0A0063C4B2 /* ExtensionController.swift */; };
		D56736692FEAF89E0063C4B2 /* SplashController.swift in Sources */ = {isa = PBXBuildFile; fileRef = D56736672FEAF89E0063C4B2 /* SplashController.swift */; };
		D567366A2FEAF89E0063C4B2 /* SplashController.xib in Resources */ = {isa = PBXBuildFile; fileRef = D56736682FEAF89E0063C4B2 /* SplashController.xib */; };
		D567366D2FEAFA310063C4B2 /* RegisterController.swift in Sources */ = {isa = PBXBuildFile; fileRef = D567366B2FEAFA310063C4B2 /* RegisterController.swift */; };
		D567366E2FEAFA310063C4B2 /* RegisterController.xib in Resources */ = {isa = PBXBuildFile; fileRef = D567366C2FEAFA310063C4B2 /* RegisterController.xib */; };
		D56736742FEB0AC70063C4B2 /* logo.png in Resources */ = {isa = PBXBuildFile; fileRef = D56736732FEB0AC70063C4B2 /* logo.png */; };
		D56736772FEB12360063C4B2 /* ExtensionLabel.swift in Sources */ = {isa = PBXBuildFile; fileRef = D56736762FEB12360063C4B2 /* ExtensionLabel.swift */; };
		D567367B2FEB19970063C4B2 /* RecoverPasswordController.xib in Resources */ = {isa = PBXBuildFile; fileRef = D567367A2FEB19970063C4B2 /* RecoverPasswordController.xib */; };
		D567367C2FEB19970063C4B2 /* RecoverPasswordController.swift in Sources */ = {isa = PBXBuildFile; fileRef = D56736792FEB19970063C4B2 /* RecoverPasswordController.swift */; };
		D567367F2FEB19A90063C4B2 /* CodePasswordController.xib in Resources */ = {isa = PBXBuildFile; fileRef = D567367E2FEB19A90063C4B2 /* CodePasswordController.xib */; };
		D56736802FEB19A90063C4B2 /* CodePasswordController.swift in Sources */ = {isa = PBXBuildFile; fileRef = D567367D2FEB19A90063C4B2 /* CodePasswordController.swift */; };
		D56736832FEB19B70063C4B2 /* ChangePasswordController.swift in Sources */ = {isa = PBXBuildFile; fileRef = D56736812FEB19B70063C4B2 /* ChangePasswordController.swift */; };
		D56736842FEB19B70063C4B2 /* ChangePasswordController.xib in Resources */ = {isa = PBXBuildFile; fileRef = D56736822FEB19B70063C4B2 /* ChangePasswordController.xib */; };
/* End PBXBuildFile section */

/* Begin PBXFileReference section */
		D56735D82FE995F70063C4B2 /* WalkPaws.app */ = {isa = PBXFileReference; explicitFileType = wrapper.application; includeInIndex = 0; path = WalkPaws.app; sourceTree = BUILT_PRODUCTS_DIR; };
		D56735F42FE997130063C4B2 /* AppDelegate.swift */ = {isa = PBXFileReference; lastKnownFileType = sourcecode.swift; path = AppDelegate.swift; sourceTree = "<group>"; };
		D56735F52FE997130063C4B2 /* Assets.xcassets */ = {isa = PBXFileReference; lastKnownFileType = folder.assetcatalog; path = Assets.xcassets; sourceTree = "<group>"; };
		D56735F62FE997130063C4B2 /* Info.plist */ = {isa = PBXFileReference; lastKnownFileType = text.plist.xml; path = Info.plist; sourceTree = "<group>"; };
		D56735F72FE997130063C4B2 /* Base */ = {isa = PBXFileReference; lastKnownFileType = file.storyboard; name = Base; path = Base.lproj/LaunchScreen.storyboard; sourceTree = "<group>"; };
		D56735FB2FE997130063C4B2 /* SceneDelegate.swift */ = {isa = PBXFileReference; lastKnownFileType = sourcecode.swift; path = SceneDelegate.swift; sourceTree = "<group>"; };
		D56736052FE997260063C4B2 /* UserModel.swift */ = {isa = PBXFileReference; lastKnownFileType = sourcecode.swift; path = UserModel.swift; sourceTree = "<group>"; };
		D56736192FEAAC400063C4B2 /* img_bottom.png */ = {isa = PBXFileReference; lastKnownFileType = image.png; path = img_bottom.png; sourceTree = "<group>"; };
		D567361B2FEAAD490063C4B2 /* img_intro.png */ = {isa = PBXFileReference; lastKnownFileType = image.png; path = img_intro.png; sourceTree = "<group>"; };
		D56736222FEAC2030063C4B2 /* IntroController.swift */ = {isa = PBXFileReference; lastKnownFileType = sourcecode.swift; path = IntroController.swift; sourceTree = "<group>"; };
		D56736232FEAC2030063C4B2 /* IntroController.xib */ = {isa = PBXFileReference; lastKnownFileType = file.xib; path = IntroController.xib; sourceTree = "<group>"; };
		D567362A2FEAC6350063C4B2 /* Manrope-Bold.ttf */ = {isa = PBXFileReference; lastKnownFileType = file; path = "Manrope-Bold.ttf"; sourceTree = "<group>"; };
		D567362B2FEAC6350063C4B2 /* Manrope-ExtraBold.ttf */ = {isa = PBXFileReference; lastKnownFileType = file; path = "Manrope-ExtraBold.ttf"; sourceTree = "<group>"; };
		D567362C2FEAC6350063C4B2 /* Manrope-ExtraLight.ttf */ = {isa = PBXFileReference; lastKnownFileType = text; path = "Manrope-ExtraLight.ttf"; sourceTree = "<group>"; };
		D567362D2FEAC6350063C4B2 /* Manrope-Medium.ttf */ = {isa = PBXFileReference; lastKnownFileType = file; path = "Manrope-Medium.ttf"; sourceTree = "<group>"; };
		D567362E2FEAC6350063C4B2 /* Manrope-Regular.ttf */ = {isa = PBXFileReference; lastKnownFileType = file; path = "Manrope-Regular.ttf"; sourceTree = "<group>"; };
		D567362F2FEAC6350063C4B2 /* Manrope-SemiBold.ttf */ = {isa = PBXFileReference; lastKnownFileType = file; path = "Manrope-SemiBold.ttf"; sourceTree = "<group>"; };
		D56736362FEAC6C10063C4B2 /* Fonts.swift */ = {isa = PBXFileReference; lastKnownFileType = sourcecode.swift; path = Fonts.swift; sourceTree = "<group>"; };
		D567363A2FEAC7F40063C4B2 /* ButtonStyle.swift */ = {isa = PBXFileReference; lastKnownFileType = sourcecode.swift; path = ButtonStyle.swift; sourceTree = "<group>"; };
		D567363C2FEAC9510063C4B2 /* ButtonType.swift */ = {isa = PBXFileReference; lastKnownFileType = sourcecode.swift; path = ButtonType.swift; sourceTree = "<group>"; };
		D567363F2FEAC9AA0063C4B2 /* Colors.swift */ = {isa = PBXFileReference; lastKnownFileType = sourcecode.swift; path = Colors.swift; sourceTree = "<group>"; };
		D56736412FEACD750063C4B2 /* ExtensionButton.swift */ = {isa = PBXFileReference; lastKnownFileType = sourcecode.swift; path = ExtensionButton.swift; sourceTree = "<group>"; };
		D56736442FEADEBB0063C4B2 /* LoginController.swift */ = {isa = PBXFileReference; lastKnownFileType = sourcecode.swift; path = LoginController.swift; sourceTree = "<group>"; };
		D56736452FEADEBB0063C4B2 /* LoginController.xib */ = {isa = PBXFileReference; lastKnownFileType = file.xib; path = LoginController.xib; sourceTree = "<group>"; };
		D56736482FEADED60063C4B2 /* FieldStyle.swift */ = {isa = PBXFileReference; lastKnownFileType = sourcecode.swift; path = FieldStyle.swift; sourceTree = "<group>"; };
		D567364A2FEADF280063C4B2 /* FieldType.swift */ = {isa = PBXFileReference; lastKnownFileType = sourcecode.swift; path = FieldType.swift; sourceTree = "<group>"; };
		D567364C2FEADFC80063C4B2 /* ExtensionField.swift */ = {isa = PBXFileReference; lastKnownFileType = sourcecode.swift; path = ExtensionField.swift; sourceTree = "<group>"; };
		D56736502FEAE15C0063C4B2 /* close_eye.png */ = {isa = PBXFileReference; lastKnownFileType = image.png; path = close_eye.png; sourceTree = "<group>"; };
		D56736512FEAE15C0063C4B2 /* icn_email.png */ = {isa = PBXFileReference; lastKnownFileType = image.png; path = icn_email.png; sourceTree = "<group>"; };
		D56736522FEAE15C0063C4B2 /* icn_lock.png */ = {isa = PBXFileReference; lastKnownFileType = image.png; path = icn_lock.png; sourceTree = "<group>"; };
		D56736532FEAE15C0063C4B2 /* open_eye.png */ = {isa = PBXFileReference; lastKnownFileType = image.png; path = open_eye.png; sourceTree = "<group>"; };
		D56736542FEAE15C0063C4B2 /* icn_phone.png */ = {isa = PBXFileReference; lastKnownFileType = image.png; path = icn_phone.png; sourceTree = "<group>"; };
		D56736552FEAE15C0063C4B2 /* icn_user.png */ = {isa = PBXFileReference; lastKnownFileType = image.png; path = icn_user.png; sourceTree = "<group>"; };
		D567365D2FEAE2020063C4B2 /* back.png */ = {isa = PBXFileReference; lastKnownFileType = image.png; path = back.png; sourceTree = "<group>"; };
		D567365F2FEAE68F0063C4B2 /* BackButton.swift */ = {isa = PBXFileReference; lastKnownFileType = sourcecode.swift; path = BackButton.swift; sourceTree = "<group>"; };
		D56736622FEAE6B10063C4B2 /* ExtensionView.swift */ = {isa = PBXFileReference; lastKnownFileType = sourcecode.swift; path = ExtensionView.swift; sourceTree = "<group>"; };
		D56736652FEAEC0A0063C4B2 /* ExtensionController.swift */ = {isa = PBXFileReference; lastKnownFileType = sourcecode.swift; path = ExtensionController.swift; sourceTree = "<group>"; };
		D56736672FEAF89E0063C4B2 /* SplashController.swift */ = {isa = PBXFileReference; lastKnownFileType = sourcecode.swift; path = SplashController.swift; sourceTree = "<group>"; };
		D56736682FEAF89E0063C4B2 /* SplashController.xib */ = {isa = PBXFileReference; lastKnownFileType = file.xib; path = SplashController.xib; sourceTree = "<group>"; };
		D567366B2FEAFA310063C4B2 /* RegisterController.swift */ = {isa = PBXFileReference; lastKnownFileType = sourcecode.swift; path = RegisterController.swift; sourceTree = "<group>"; };
		D567366C2FEAFA310063C4B2 /* RegisterController.xib */ = {isa = PBXFileReference; lastKnownFileType = file.xib; path = RegisterController.xib; sourceTree = "<group>"; };
		D56736732FEB0AC70063C4B2 /* logo.png */ = {isa = PBXFileReference; lastKnownFileType = image.png; path = logo.png; sourceTree = "<group>"; };
		D56736762FEB12360063C4B2 /* ExtensionLabel.swift */ = {isa = PBXFileReference; lastKnownFileType = sourcecode.swift; path = ExtensionLabel.swift; sourceTree = "<group>"; };
		D56736792FEB19970063C4B2 /* RecoverPasswordController.swift */ = {isa = PBXFileReference; lastKnownFileType = sourcecode.swift; path = RecoverPasswordController.swift; sourceTree = "<group>"; };
		D567367A2FEB19970063C4B2 /* RecoverPasswordController.xib */ = {isa = PBXFileReference; lastKnownFileType = file.xib; path = RecoverPasswordController.xib; sourceTree = "<group>"; };
		D567367D2FEB19A90063C4B2 /* CodePasswordController.swift */ = {isa = PBXFileReference; lastKnownFileType = sourcecode.swift; path = CodePasswordController.swift; sourceTree = "<group>"; };
		D567367E2FEB19A90063C4B2 /* CodePasswordController.xib */ = {isa = PBXFileReference; lastKnownFileType = file.xib; path = CodePasswordController.xib; sourceTree = "<group>"; };
		D56736812FEB19B70063C4B2 /* ChangePasswordController.swift */ = {isa = PBXFileReference; lastKnownFileType = sourcecode.swift; path = ChangePasswordController.swift; sourceTree = "<group>"; };
		D56736822FEB19B70063C4B2 /* ChangePasswordController.xib */ = {isa = PBXFileReference; lastKnownFileType = file.xib; path = ChangePasswordController.xib; sourceTree = "<group>"; };
/* End PBXFileReference section */

/* Begin PBXFrameworksBuildPhase section */
		D56735D52FE995F70063C4B2 /* Frameworks */ = {
			isa = PBXFrameworksBuildPhase;
			buildActionMask = 2147483647;
			files = (
			);
			runOnlyForDeploymentPostprocessing = 0;
		};
/* End PBXFrameworksBuildPhase section */

/* Begin PBXGroup section */
		D56735CF2FE995F70063C4B2 = {
			isa = PBXGroup;
			children = (
				D56735FD2FE997130063C4B2 /* WalkPaws */,
				D56735D92FE995F70063C4B2 /* Products */,
			);
			sourceTree = "<group>";
		};
		D56735D92FE995F70063C4B2 /* Products */ = {
			isa = PBXGroup;
			children = (
				D56735D82FE995F70063C4B2 /* WalkPaws.app */,
			);
			name = Products;
			sourceTree = "<group>";
		};
		D56735F32FE997130063C4B2 /* Models */ = {
			isa = PBXGroup;
			children = (
				D56736052FE997260063C4B2 /* UserModel.swift */,
			);
			path = Models;
			sourceTree = "<group>";
		};
		D56735FD2FE997130063C4B2 /* WalkPaws */ = {
			isa = PBXGroup;
			children = (
				D56736212FEAC1CC0063C4B2 /* Classes */,
				D56736172FEAAC250063C4B2 /* Resources */,
				D56735F42FE997130063C4B2 /* AppDelegate.swift */,
				D56735F52FE997130063C4B2 /* Assets.xcassets */,
				D56735F62FE997130063C4B2 /* Info.plist */,
				D56735FB2FE997130063C4B2 /* SceneDelegate.swift */,
			);
			path = WalkPaws;
			sourceTree = "<group>";
		};
		D56736172FEAAC250063C4B2 /* Resources */ = {
			isa = PBXGroup;
			children = (
				D56736382FEAC7CD0063C4B2 /* Components */,
				D56736282FEAC5E80063C4B2 /* Fonts */,
				D56736182FEAAC350063C4B2 /* Images */,
			);
			path = Resources;
			sourceTree = "<group>";
		};
		D56736182FEAAC350063C4B2 /* Images */ = {
			isa = PBXGroup;
			children = (
				D567365C2FEAE1FA0063C4B2 /* Button */,
				D567364E2FEAE1480063C4B2 /* Icon */,
				D56736272FEAC5890063C4B2 /* Intro */,
			);
			path = Images;
			sourceTree = "<group>";
		};
		D567361F2FEAC1680063C4B2 /* Screens */ = {
			isa = PBXGroup;
			children = (
				D56736202FEAC17D0063C4B2 /* Intro */,
			);
			path = Screens;
			sourceTree = "<group>";
		};
		D56736202FEAC17D0063C4B2 /* Intro */ = {
			isa = PBXGroup;
			children = (
				D56736262FEAC2100063C4B2 /* LaunchScreen */,
				D56736672FEAF89E0063C4B2 /* SplashController.swift */,
				D56736682FEAF89E0063C4B2 /* SplashController.xib */,
				D56736222FEAC2030063C4B2 /* IntroController.swift */,
				D56736232FEAC2030063C4B2 /* IntroController.xib */,
				D56736442FEADEBB0063C4B2 /* LoginController.swift */,
				D56736452FEADEBB0063C4B2 /* LoginController.xib */,
				D567366B2FEAFA310063C4B2 /* RegisterController.swift */,
				D567366C2FEAFA310063C4B2 /* RegisterController.xib */,
				D56736782FEB19750063C4B2 /* Recover Password */,
			);
			path = Intro;
			sourceTree = "<group>";
		};
		D56736212FEAC1CC0063C4B2 /* Classes */ = {
			isa = PBXGroup;
			children = (
				D56735F32FE997130063C4B2 /* Models */,
				D567361F2FEAC1680063C4B2 /* Screens */,
			);
			path = Classes;
			sourceTree = "<group>";
		};
		D56736262FEAC2100063C4B2 /* LaunchScreen */ = {
			isa = PBXGroup;
			children = (
				D56735F82FE997130063C4B2 /* LaunchScreen.storyboard */,
			);
			path = LaunchScreen;
			sourceTree = "<group>";
		};
		D56736272FEAC5890063C4B2 /* Intro */ = {
			isa = PBXGroup;
			children = (
				D56736192FEAAC400063C4B2 /* img_bottom.png */,
				D567361B2FEAAD490063C4B2 /* img_intro.png */,
				D56736732FEB0AC70063C4B2 /* logo.png */,
			);
			path = Intro;
			sourceTree = "<group>";
		};
		D56736282FEAC5E80063C4B2 /* Fonts */ = {
			isa = PBXGroup;
			children = (
				D56736292FEAC62D0063C4B2 /* Manrope */,
				D56736362FEAC6C10063C4B2 /* Fonts.swift */,
			);
			path = Fonts;
			sourceTree = "<group>";
		};
		D56736292FEAC62D0063C4B2 /* Manrope */ = {
			isa = PBXGroup;
			children = (
				D567362A2FEAC6350063C4B2 /* Manrope-Bold.ttf */,
				D567362B2FEAC6350063C4B2 /* Manrope-ExtraBold.ttf */,
				D567362C2FEAC6350063C4B2 /* Manrope-ExtraLight.ttf */,
				D567362D2FEAC6350063C4B2 /* Manrope-Medium.ttf */,
				D567362E2FEAC6350063C4B2 /* Manrope-Regular.ttf */,
				D567362F2FEAC6350063C4B2 /* Manrope-SemiBold.ttf */,
			);
			path = Manrope;
			sourceTree = "<group>";
		};
		D56736382FEAC7CD0063C4B2 /* Components */ = {
			isa = PBXGroup;
			children = (
				D56736752FEB12250063C4B2 /* Label */,
				D56736642FEAEBED0063C4B2 /* Controller */,
				D56736612FEAE6A40063C4B2 /* View */,
				D56736432FEADE4A0063C4B2 /* Field */,
				D567363E2FEAC9980063C4B2 /* Colors */,
				D56736392FEAC7D30063C4B2 /* Button */,
			);
			path = Components;
			sourceTree = "<group>";
		};
		D56736392FEAC7D30063C4B2 /* Button */ = {
			isa = PBXGroup;
			children = (
				D567363A2FEAC7F40063C4B2 /* ButtonStyle.swift */,
				D567363C2FEAC9510063C4B2 /* ButtonType.swift */,
				D56736412FEACD750063C4B2 /* ExtensionButton.swift */,
				D567365F2FEAE68F0063C4B2 /* BackButton.swift */,
			);
			path = Button;
			sourceTree = "<group>";
		};
		D567363E2FEAC9980063C4B2 /* Colors */ = {
			isa = PBXGroup;
			children = (
				D567363F2FEAC9AA0063C4B2 /* Colors.swift */,
			);
			path = Colors;
			sourceTree = "<group>";
		};
		D56736432FEADE4A0063C4B2 /* Field */ = {
			isa = PBXGroup;
			children = (
				D56736482FEADED60063C4B2 /* FieldStyle.swift */,
				D567364A2FEADF280063C4B2 /* FieldType.swift */,
				D567364C2FEADFC80063C4B2 /* ExtensionField.swift */,
			);
			path = Field;
			sourceTree = "<group>";
		};
		D567364E2FEAE1480063C4B2 /* Icon */ = {
			isa = PBXGroup;
			children = (
				D567364F2FEAE1510063C4B2 /* Field */,
			);
			path = Icon;
			sourceTree = "<group>";
		};
		D567364F2FEAE1510063C4B2 /* Field */ = {
			isa = PBXGroup;
			children = (
				D56736502FEAE15C0063C4B2 /* close_eye.png */,
				D56736512FEAE15C0063C4B2 /* icn_email.png */,
				D56736522FEAE15C0063C4B2 /* icn_lock.png */,
				D56736532FEAE15C0063C4B2 /* open_eye.png */,
				D56736542FEAE15C0063C4B2 /* icn_phone.png */,
				D56736552FEAE15C0063C4B2 /* icn_user.png */,
			);
			path = Field;
			sourceTree = "<group>";
		};
		D567365C2FEAE1FA0063C4B2 /* Button */ = {
			isa = PBXGroup;
			children = (
				D567365D2FEAE2020063C4B2 /* back.png */,
			);
			path = Button;
			sourceTree = "<group>";
		};
		D56736612FEAE6A40063C4B2 /* View */ = {
			isa = PBXGroup;
			children = (
				D56736622FEAE6B10063C4B2 /* ExtensionView.swift */,
			);
			path = View;
			sourceTree = "<group>";
		};
		D56736642FEAEBED0063C4B2 /* Controller */ = {
			isa = PBXGroup;
			children = (
				D56736652FEAEC0A0063C4B2 /* ExtensionController.swift */,
			);
			path = Controller;
			sourceTree = "<group>";
		};
		D56736752FEB12250063C4B2 /* Label */ = {
			isa = PBXGroup;
			children = (
				D56736762FEB12360063C4B2 /* ExtensionLabel.swift */,
			);
			path = Label;
			sourceTree = "<group>";
		};
		D56736782FEB19750063C4B2 /* Recover Password */ = {
			isa = PBXGroup;
			children = (
				D56736792FEB19970063C4B2 /* RecoverPasswordController.swift */,
				D567367A2FEB19970063C4B2 /* RecoverPasswordController.xib */,
				D567367D2FEB19A90063C4B2 /* CodePasswordController.swift */,
				D567367E2FEB19A90063C4B2 /* CodePasswordController.xib */,
				D56736812FEB19B70063C4B2 /* ChangePasswordController.swift */,
				D56736822FEB19B70063C4B2 /* ChangePasswordController.xib */,
			);
			path = "Recover Password";
			sourceTree = "<group>";
		};
/* End PBXGroup section */

/* Begin PBXNativeTarget section */
		D56735D72FE995F70063C4B2 /* WalkPaws */ = {
			isa = PBXNativeTarget;
			buildConfigurationList = D56735EB2FE995F80063C4B2 /* Build configuration list for PBXNativeTarget "WalkPaws" */;
			buildPhases = (
				D56735D42FE995F70063C4B2 /* Sources */,
				D56735D52FE995F70063C4B2 /* Frameworks */,
				D56735D62FE995F70063C4B2 /* Resources */,
			);
			buildRules = (
			);
			dependencies = (
			);
			name = WalkPaws;
			packageProductDependencies = (
			);
			productName = WalkPaws;
			productReference = D56735D82FE995F70063C4B2 /* WalkPaws.app */;
			productType = "com.apple.product-type.application";
		};
/* End PBXNativeTarget section */

/* Begin PBXProject section */
		D56735D02FE995F70063C4B2 /* Project object */ = {
			isa = PBXProject;
			attributes = {
				BuildIndependentTargetsInParallel = 1;
				LastSwiftUpdateCheck = 2620;
				LastUpgradeCheck = 2620;
				TargetAttributes = {
					D56735D72FE995F70063C4B2 = {
						CreatedOnToolsVersion = 26.2;
					};
				};
			};
			buildConfigurationList = D56735D32FE995F70063C4B2 /* Build configuration list for PBXProject "WalkPaws" */;
			developmentRegion = en;
			hasScannedForEncodings = 0;
			knownRegions = (
				en,
				Base,
			);
			mainGroup = D56735CF2FE995F70063C4B2;
			minimizedProjectReferenceProxies = 1;
			preferredProjectObjectVersion = 77;
			productRefGroup = D56735D92FE995F70063C4B2 /* Products */;
			projectDirPath = "";
			projectRoot = "";
			targets = (
				D56735D72FE995F70063C4B2 /* WalkPaws */,
			);
		};
/* End PBXProject section */

/* Begin PBXResourcesBuildPhase section */
		D56735D62FE995F70063C4B2 /* Resources */ = {
			isa = PBXResourcesBuildPhase;
			buildActionMask = 2147483647;
			files = (
				D56736562FEAE15C0063C4B2 /* open_eye.png in Resources */,
				D567366E2FEAFA310063C4B2 /* RegisterController.xib in Resources */,
				D56736572FEAE15C0063C4B2 /* icn_phone.png in Resources */,
				D56736582FEAE15C0063C4B2 /* close_eye.png in Resources */,
				D56736592FEAE15C0063C4B2 /* icn_email.png in Resources */,
				D567366A2FEAF89E0063C4B2 /* SplashController.xib in Resources */,
				D567365A2FEAE15C0063C4B2 /* icn_lock.png in Resources */,
				D567365B2FEAE15C0063C4B2 /* icn_user.png in Resources */,
				D56735FE2FE997130063C4B2 /* Assets.xcassets in Resources */,
				D56736002FE997130063C4B2 /* LaunchScreen.storyboard in Resources */,
				D567361C2FEAAD490063C4B2 /* img_intro.png in Resources */,
				D56736742FEB0AC70063C4B2 /* logo.png in Resources */,
				D567361A2FEAAC400063C4B2 /* img_bottom.png in Resources */,
				D56736302FEAC6350063C4B2 /* Manrope-Regular.ttf in Resources */,
				D56736312FEAC6350063C4B2 /* Manrope-Bold.ttf in Resources */,
				D56736322FEAC6350063C4B2 /* Manrope-Medium.ttf in Resources */,
				D567367B2FEB19970063C4B2 /* RecoverPasswordController.xib in Resources */,
				D56736332FEAC6350063C4B2 /* Manrope-SemiBold.ttf in Resources */,
				D56736842FEB19B70063C4B2 /* ChangePasswordController.xib in Resources */,
				D56736342FEAC6350063C4B2 /* Manrope-ExtraLight.ttf in Resources */,
				D567365E2FEAE2020063C4B2 /* back.png in Resources */,
				D56736352FEAC6350063C4B2 /* Manrope-ExtraBold.ttf in Resources */,
				D567367F2FEB19A90063C4B2 /* CodePasswordController.xib in Resources */,
				D56736242FEAC2030063C4B2 /* IntroController.xib in Resources */,
				D56736472FEADEBB0063C4B2 /* LoginController.xib in Resources */,
			);
			runOnlyForDeploymentPostprocessing = 0;
		};
/* End PBXResourcesBuildPhase section */

/* Begin PBXSourcesBuildPhase section */
		D56735D42FE995F70063C4B2 /* Sources */ = {
			isa = PBXSourcesBuildPhase;
			buildActionMask = 2147483647;
			files = (
				D56736832FEB19B70063C4B2 /* ChangePasswordController.swift in Sources */,
				D56736492FEADED60063C4B2 /* FieldStyle.swift in Sources */,
				D56736632FEAE6B10063C4B2 /* ExtensionView.swift in Sources */,
				D56736022FE997130063C4B2 /* AppDelegate.swift in Sources */,
				D56736402FEAC9AA0063C4B2 /* Colors.swift in Sources */,
				D567363D2FEAC9510063C4B2 /* ButtonType.swift in Sources */,
				D56736662FEAEC0A0063C4B2 /* ExtensionController.swift in Sources */,
				D56736692FEAF89E0063C4B2 /* SplashController.swift in Sources */,
				D56736802FEB19A90063C4B2 /* CodePasswordController.swift in Sources */,
				D567364D2FEADFC80063C4B2 /* ExtensionField.swift in Sources */,
				D567366D2FEAFA310063C4B2 /* RegisterController.swift in Sources */,
				D56736422FEACD750063C4B2 /* ExtensionButton.swift in Sources */,
				D56736372FEAC6C10063C4B2 /* Fonts.swift in Sources */,
				D56736772FEB12360063C4B2 /* ExtensionLabel.swift in Sources */,
				D56736032FE997130063C4B2 /* SceneDelegate.swift in Sources */,
				D567363B2FEAC7F40063C4B2 /* ButtonStyle.swift in Sources */,
				D567364B2FEADF280063C4B2 /* FieldType.swift in Sources */,
				D56736062FE997260063C4B2 /* UserModel.swift in Sources */,
				D56736252FEAC2030063C4B2 /* IntroController.swift in Sources */,
				D56736602FEAE68F0063C4B2 /* BackButton.swift in Sources */,
				D56736462FEADEBB0063C4B2 /* LoginController.swift in Sources */,
				D567367C2FEB19970063C4B2 /* RecoverPasswordController.swift in Sources */,
			);
			runOnlyForDeploymentPostprocessing = 0;
		};
/* End PBXSourcesBuildPhase section */

/* Begin PBXVariantGroup section */
		D56735F82FE997130063C4B2 /* LaunchScreen.storyboard */ = {
			isa = PBXVariantGroup;
			children = (
				D56735F72FE997130063C4B2 /* Base */,
			);
			name = LaunchScreen.storyboard;
			sourceTree = "<group>";
		};
/* End PBXVariantGroup section */

/* Begin XCBuildConfiguration section */
		D56735EC2FE995F80063C4B2 /* Debug */ = {
			isa = XCBuildConfiguration;
			buildSettings = {
				ASSETCATALOG_COMPILER_APPICON_NAME = AppIcon;
				ASSETCATALOG_COMPILER_GLOBAL_ACCENT_COLOR_NAME = AccentColor;
				CODE_SIGN_STYLE = Automatic;
				CURRENT_PROJECT_VERSION = 1;
				DEVELOPMENT_TEAM = 67RPMDNR52;
				GENERATE_INFOPLIST_FILE = YES;
				INFOPLIST_FILE = WalkPaws/Info.plist;
				INFOPLIST_KEY_UIApplicationSupportsIndirectInputEvents = YES;
				INFOPLIST_KEY_UILaunchStoryboardName = LaunchScreen;
				INFOPLIST_KEY_UISupportedInterfaceOrientations = UIInterfaceOrientationPortrait;
				LD_RUNPATH_SEARCH_PATHS = (
					"$(inherited)",
					"@executable_path/Frameworks",
				);
				MARKETING_VERSION = 1.0;
				PRODUCT_BUNDLE_IDENTIFIER = sofiabarrientos.WalkPaws;
				PRODUCT_NAME = "$(TARGET_NAME)";
				STRING_CATALOG_GENERATE_SYMBOLS = YES;
				SWIFT_APPROACHABLE_CONCURRENCY = YES;
				SWIFT_DEFAULT_ACTOR_ISOLATION = MainActor;
				SWIFT_EMIT_LOC_STRINGS = YES;
				SWIFT_UPCOMING_FEATURE_MEMBER_IMPORT_VISIBILITY = YES;
				SWIFT_VERSION = 5.0;
				TARGETED_DEVICE_FAMILY = "1,2";
			};
			name = Debug;
		};
		D56735ED2FE995F80063C4B2 /* Release */ = {
			isa = XCBuildConfiguration;
			buildSettings = {
				ASSETCATALOG_COMPILER_APPICON_NAME = AppIcon;
				ASSETCATALOG_COMPILER_GLOBAL_ACCENT_COLOR_NAME = AccentColor;
				CODE_SIGN_STYLE = Automatic;
				CURRENT_PROJECT_VERSION = 1;
				DEVELOPMENT_TEAM = 67RPMDNR52;
				GENERATE_INFOPLIST_FILE = YES;
				INFOPLIST_FILE = WalkPaws/Info.plist;
				INFOPLIST_KEY_UIApplicationSupportsIndirectInputEvents = YES;
				INFOPLIST_KEY_UILaunchStoryboardName = LaunchScreen;
				INFOPLIST_KEY_UISupportedInterfaceOrientations = UIInterfaceOrientationPortrait;
				LD_RUNPATH_SEARCH_PATHS = (
					"$(inherited)",
					"@executable_path/Frameworks",
				);
				MARKETING_VERSION = 1.0;
				PRODUCT_BUNDLE_IDENTIFIER = sofiabarrientos.WalkPaws;
				PRODUCT_NAME = "$(TARGET_NAME)";
				STRING_CATALOG_GENERATE_SYMBOLS = YES;
				SWIFT_APPROACHABLE_CONCURRENCY = YES;
				SWIFT_DEFAULT_ACTOR_ISOLATION = MainActor;
				SWIFT_EMIT_LOC_STRINGS = YES;
				SWIFT_UPCOMING_FEATURE_MEMBER_IMPORT_VISIBILITY = YES;
				SWIFT_VERSION = 5.0;
				TARGETED_DEVICE_FAMILY = "1,2";
			};
			name = Release;
		};
		D56735EE2FE995F80063C4B2 /* Debug */ = {
			isa = XCBuildConfiguration;
			buildSettings = {
				ALWAYS_SEARCH_USER_PATHS = NO;
				ASSETCATALOG_COMPILER_GENERATE_SWIFT_ASSET_SYMBOL_EXTENSIONS = YES;
				CLANG_ANALYZER_NONNULL = YES;
				CLANG_ANALYZER_NUMBER_OBJECT_CONVERSION = YES_AGGRESSIVE;
				CLANG_CXX_LANGUAGE_STANDARD = "gnu++20";
				CLANG_ENABLE_MODULES = YES;
				CLANG_ENABLE_OBJC_ARC = YES;
				CLANG_ENABLE_OBJC_WEAK = YES;
				CLANG_WARN_BLOCK_CAPTURE_AUTORELEASING = YES;
				CLANG_WARN_BOOL_CONVERSION = YES;
				CLANG_WARN_COMMA = YES;
				CLANG_WARN_CONSTANT_CONVERSION = YES;
				CLANG_WARN_DEPRECATED_OBJC_IMPLEMENTATIONS = YES;
				CLANG_WARN_DIRECT_OBJC_ISA_USAGE = YES_ERROR;
				CLANG_WARN_DOCUMENTATION_COMMENTS = YES;
				CLANG_WARN_EMPTY_BODY = YES;
				CLANG_WARN_ENUM_CONVERSION = YES;
				CLANG_WARN_INFINITE_RECURSION = YES;
				CLANG_WARN_INT_CONVERSION = YES;
				CLANG_WARN_NON_LITERAL_NULL_CONVERSION = YES;
				CLANG_WARN_OBJC_IMPLICIT_RETAIN_SELF = YES;
				CLANG_WARN_OBJC_LITERAL_CONVERSION = YES;
				CLANG_WARN_OBJC_ROOT_CLASS = YES_ERROR;
				CLANG_WARN_QUOTED_INCLUDE_IN_FRAMEWORK_HEADER = YES;
				CLANG_WARN_RANGE_LOOP_ANALYSIS = YES;
				CLANG_WARN_STRICT_PROTOTYPES = YES;
				CLANG_WARN_SUSPICIOUS_MOVE = YES;
				CLANG_WARN_UNGUARDED_AVAILABILITY = YES_AGGRESSIVE;
				CLANG_WARN_UNREACHABLE_CODE = YES;
				CLANG_WARN__DUPLICATE_METHOD_MATCH = YES;
				COPY_PHASE_STRIP = NO;
				DEBUG_INFORMATION_FORMAT = dwarf;
				DEVELOPMENT_TEAM = 67RPMDNR52;
				ENABLE_STRICT_OBJC_MSGSEND = YES;
				ENABLE_TESTABILITY = YES;
				ENABLE_USER_SCRIPT_SANDBOXING = YES;
				GCC_C_LANGUAGE_STANDARD = gnu17;
				GCC_DYNAMIC_NO_PIC = NO;
				GCC_NO_COMMON_BLOCKS = YES;
				GCC_OPTIMIZATION_LEVEL = 0;
				GCC_PREPROCESSOR_DEFINITIONS = (
					"DEBUG=1",
					"$(inherited)",
				);
				GCC_WARN_64_TO_32_BIT_CONVERSION = YES;
				GCC_WARN_ABOUT_RETURN_TYPE = YES_ERROR;
				GCC_WARN_UNDECLARED_SELECTOR = YES;
				GCC_WARN_UNINITIALIZED_AUTOS = YES_AGGRESSIVE;
				GCC_WARN_UNUSED_FUNCTION = YES;
				GCC_WARN_UNUSED_VARIABLE = YES;
				IPHONEOS_DEPLOYMENT_TARGET = 26.2;
				LOCALIZATION_PREFERS_STRING_CATALOGS = YES;
				MTL_ENABLE_DEBUG_INFO = INCLUDE_SOURCE;
				MTL_FAST_MATH = YES;
				ONLY_ACTIVE_ARCH = YES;
				SDKROOT = iphoneos;
				SWIFT_ACTIVE_COMPILATION_CONDITIONS = "DEBUG $(inherited)";
				SWIFT_OPTIMIZATION_LEVEL = "-Onone";
			};
			name = Debug;
		};
		D56735EF2FE995F80063C4B2 /* Release */ = {
			isa = XCBuildConfiguration;
			buildSettings = {
				ALWAYS_SEARCH_USER_PATHS = NO;
				ASSETCATALOG_COMPILER_GENERATE_SWIFT_ASSET_SYMBOL_EXTENSIONS = YES;
				CLANG_ANALYZER_NONNULL = YES;
				CLANG_ANALYZER_NUMBER_OBJECT_CONVERSION = YES_AGGRESSIVE;
				CLANG_CXX_LANGUAGE_STANDARD = "gnu++20";
				CLANG_ENABLE_MODULES = YES;
				CLANG_ENABLE_OBJC_ARC = YES;
				CLANG_ENABLE_OBJC_WEAK = YES;
				CLANG_WARN_BLOCK_CAPTURE_AUTORELEASING = YES;
				CLANG_WARN_BOOL_CONVERSION = YES;
				CLANG_WARN_COMMA = YES;
				CLANG_WARN_CONSTANT_CONVERSION = YES;
				CLANG_WARN_DEPRECATED_OBJC_IMPLEMENTATIONS = YES;
				CLANG_WARN_DIRECT_OBJC_ISA_USAGE = YES_ERROR;
				CLANG_WARN_DOCUMENTATION_COMMENTS = YES;
				CLANG_WARN_EMPTY_BODY = YES;
				CLANG_WARN_ENUM_CONVERSION = YES;
				CLANG_WARN_INFINITE_RECURSION = YES;
				CLANG_WARN_INT_CONVERSION = YES;
				CLANG_WARN_NON_LITERAL_NULL_CONVERSION = YES;
				CLANG_WARN_OBJC_IMPLICIT_RETAIN_SELF = YES;
				CLANG_WARN_OBJC_LITERAL_CONVERSION = YES;
				CLANG_WARN_OBJC_ROOT_CLASS = YES_ERROR;
				CLANG_WARN_QUOTED_INCLUDE_IN_FRAMEWORK_HEADER = YES;
				CLANG_WARN_RANGE_LOOP_ANALYSIS = YES;
				CLANG_WARN_STRICT_PROTOTYPES = YES;
				CLANG_WARN_SUSPICIOUS_MOVE = YES;
				CLANG_WARN_UNGUARDED_AVAILABILITY = YES_AGGRESSIVE;
				CLANG_WARN_UNREACHABLE_CODE = YES;
				CLANG_WARN__DUPLICATE_METHOD_MATCH = YES;
				COPY_PHASE_STRIP = NO;
				DEBUG_INFORMATION_FORMAT = "dwarf-with-dsym";
				DEVELOPMENT_TEAM = 67RPMDNR52;
				ENABLE_NS_ASSERTIONS = NO;
				ENABLE_STRICT_OBJC_MSGSEND = YES;
				ENABLE_USER_SCRIPT_SANDBOXING = YES;
				GCC_C_LANGUAGE_STANDARD = gnu17;
				GCC_NO_COMMON_BLOCKS = YES;
				GCC_WARN_64_TO_32_BIT_CONVERSION = YES;
				GCC_WARN_ABOUT_RETURN_TYPE = YES_ERROR;
				GCC_WARN_UNDECLARED_SELECTOR = YES;
				GCC_WARN_UNINITIALIZED_AUTOS = YES_AGGRESSIVE;
				GCC_WARN_UNUSED_FUNCTION = YES;
				GCC_WARN_UNUSED_VARIABLE = YES;
				IPHONEOS_DEPLOYMENT_TARGET = 26.2;
				LOCALIZATION_PREFERS_STRING_CATALOGS = YES;
				MTL_ENABLE_DEBUG_INFO = NO;
				MTL_FAST_MATH = YES;
				SDKROOT = iphoneos;
				SWIFT_COMPILATION_MODE = wholemodule;
				VALIDATE_PRODUCT = YES;
			};
			name = Release;
		};
/* End XCBuildConfiguration section */

/* Begin XCConfigurationList section */
		D56735D32FE995F70063C4B2 /* Build configuration list for PBXProject "WalkPaws" */ = {
			isa = XCConfigurationList;
			buildConfigurations = (
				D56735EE2FE995F80063C4B2 /* Debug */,
				D56735EF2FE995F80063C4B2 /* Release */,
			);
			defaultConfigurationIsVisible = 0;
			defaultConfigurationName = Release;
		};
		D56735EB2FE995F80063C4B2 /* Build configuration list for PBXNativeTarget "WalkPaws" */ = {
			isa = XCConfigurationList;
			buildConfigurations = (
				D56735EC2FE995F80063C4B2 /* Debug */,
				D56735ED2FE995F80063C4B2 /* Release */,
			);
			defaultConfigurationIsVisible = 0;
			defaultConfigurationName = Release;
		};
/* End XCConfigurationList section */
	};
	rootObject = D56735D02FE995F70063C4B2 /* Project object */;
}
